
Microsoft Visual Studio Solution File, Format Version 12.00
# Visual Studio Version 16
VisualStudioVersion = 16.0.32126.315
MinimumVisualStudioVersion = 10.0.40219.1
Project("{FAE04EC0-301F-11D3-BF4B-00C04F79EFBC}") = "YBOY.API", "YBOY.API\YBOY.API.csproj", "{988CD170-A8FF-4957-A501-4833C89A2BEC}"
EndProject
Project("{FAE04EC0-301F-11D3-BF4B-00C04F79EFBC}") = "YBOY.Core", "YBOY.Core\YBOY.Core.csproj", "{3805F3B6-6239-497E-AC29-2290B6099FF8}"
EndProject
Project("{FAE04EC0-301F-11D3-BF4B-00C04F79EFBC}") = "YBOY.Infra", "YBOY.Infra\YBOY.Infra.csproj", "{3724C622-FA19-4C02-995D-7697ED2B38C7}"
EndProject
Global
	GlobalSection(SolutionConfigurationPlatforms) = preSolution
		Debug|Any CPU = Debug|Any CPU
		Release|Any CPU = Release|Any CPU
	EndGlobalSection
	GlobalSection(ProjectConfigurationPlatforms) = postSolution
		{988CD170-A8FF-4957-A501-4833C89A2BEC}.Debug|Any CPU.ActiveCfg = Debug|Any CPU
		{988CD170-A8FF-4957-A501-4833C89A2BEC}.Debug|Any CPU.Build.0 = Debug|Any CPU
		{988CD170-A8FF-4957-A501-4833C89A2BEC}.Release|Any CPU.ActiveCfg = Release|Any CPU
		{988CD170-A8FF-4957-A501-4833C89A2BEC}.Release|Any CPU.Build.0 = Release|Any CPU
		{3805F3B6-6239-497E-AC29-2290B6099FF8}.Debug|Any CPU.ActiveCfg = Debug|Any CPU
		{3805F3B6-6239-497E-AC29-2290B6099FF8}.Debug|Any CPU.Build.0 = Debug|Any CPU
		{3805F3B6-6239-497E-AC29-2290B6099FF8}.Release|Any CPU.ActiveCfg = Release|Any CPU
		{3805F3B6-6239-497E-AC29-2290B6099FF8}.Release|Any CPU.Build.0 = Release|Any CPU
		{3724C622-FA19-4C02-995D-7697ED2B38C7}.Debug|Any CPU.ActiveCfg = Debug|Any CPU
		{3724C622-FA19-4C02-995D-7697ED2B38C7}.Debug|Any CPU.Build.0 = Debug|Any CPU
		{3724C622-FA19-4C02-995D-7697ED2B38C7}.Release|Any CPU.ActiveCfg = Release|Any CPU
		{3724C622-FA19-4C02-995D-7697ED2B38C7}.Release|Any CPU.Build.0 = Release|Any CPU
	EndGlobalSection
	GlobalSection(SolutionProperties) = preSolution
		HideSolutionNode = FALSE
	EndGlobalSection
	GlobalSection(ExtensibilityGlobals) = postSolution
		SolutionGuid = {2D6C08D3-6D5D-46F9-9810-6563428DA124}
	EndGlobalSection
EndGlobal
